
Microsoft Visual Studio Solution File, Format Version 12.00
# Visual Studio Version 17
VisualStudioVersion = 17.0.31903.59
MinimumVisualStudioVersion = 10.0.40219.1
Project("{FAE04EC0-301F-11D3-BF4B-00C04F79EFBC}") = "PdfSigner.Core", "PdfSigner.Core\PdfSigner.Core.csproj", "{BA73FA5B-588D-4285-A471-C877CC9E23A3}"
EndProject
Project("{FAE04EC0-301F-11D3-BF4B-00C04F79EFBC}") = "PdfSigner.App", "PdfSigner.App\PdfSigner.App.csproj", "{A60AD354-7CE0-4AE4-98E1-4EDDE10128AD}"
EndProject
Global
	GlobalSection(SolutionConfigurationPlatforms) = preSolution
		Debug|Any CPU = Debug|Any CPU
		Debug|x64 = Debug|x64
		Debug|x86 = Debug|x86
		Release|Any CPU = Release|Any CPU
		Release|x64 = Release|x64
		Release|x86 = Release|x86
	EndGlobalSection
	GlobalSection(ProjectConfigurationPlatforms) = postSolution
		{BA73FA5B-588D-4285-A471-C877CC9E23A3}.Debug|Any CPU.ActiveCfg = Debug|Any CPU
		{BA73FA5B-588D-4285-A471-C877CC9E23A3}.Debug|Any CPU.Build.0 = Debug|Any CPU
		{BA73FA5B-588D-4285-A471-C877CC9E23A3}.Debug|x64.ActiveCfg = Debug|Any CPU
		{BA73FA5B-588D-4285-A471-C877CC9E23A3}.Debug|x64.Build.0 = Debug|Any CPU
		{BA73FA5B-588D-4285-A471-C877CC9E23A3}.Debug|x86.ActiveCfg = Debug|Any CPU
		{BA73FA5B-588D-4285-A471-C877CC9E23A3}.Debug|x86.Build.0 = Debug|Any CPU
		{BA73FA5B-588D-4285-A471-C877CC9E23A3}.Release|Any CPU.ActiveCfg = Release|Any CPU
		{BA73FA5B-588D-4285-A471-C877CC9E23A3}.Release|Any CPU.Build.0 = Release|Any CPU
		{BA73FA5B-588D-4285-A471-C877CC9E23A3}.Release|x64.ActiveCfg = Release|Any CPU
		{BA73FA5B-588D-4285-A471-C877CC9E23A3}.Release|x64.Build.0 = Release|Any CPU
		{BA73FA5B-588D-4285-A471-C877CC9E23A3}.Release|x86.ActiveCfg = Release|Any CPU
		{BA73FA5B-588D-4285-A471-C877CC9E23A3}.Release|x86.Build.0 = Release|Any CPU
		{A60AD354-7CE0-4AE4-98E1-4EDDE10128AD}.Debug|Any CPU.ActiveCfg = Debug|Any CPU
		{A60AD354-7CE0-4AE4-98E1-4EDDE10128AD}.Debug|Any CPU.Build.0 = Debug|Any CPU
		{A60AD354-7CE0-4AE4-98E1-4EDDE10128AD}.Debug|x64.ActiveCfg = Debug|Any CPU
		{A60AD354-7CE0-4AE4-98E1-4EDDE10128AD}.Debug|x64.Build.0 = Debug|Any CPU
		{A60AD354-7CE0-4AE4-98E1-4EDDE10128AD}.Debug|x86.ActiveCfg = Debug|Any CPU
		{A60AD354-7CE0-4AE4-98E1-4EDDE10128AD}.Debug|x86.Build.0 = Debug|Any CPU
		{A60AD354-7CE0-4AE4-98E1-4EDDE10128AD}.Release|Any CPU.ActiveCfg = Release|Any CPU
		{A60AD354-7CE0-4AE4-98E1-4EDDE10128AD}.Release|Any CPU.Build.0 = Release|Any CPU
		{A60AD354-7CE0-4AE4-98E1-4EDDE10128AD}.Release|x64.ActiveCfg = Release|Any CPU
		{A60AD354-7CE0-4AE4-98E1-4EDDE10128AD}.Release|x64.Build.0 = Release|Any CPU
		{A60AD354-7CE0-4AE4-98E1-4EDDE10128AD}.Release|x86.ActiveCfg = Release|Any CPU
		{A60AD354-7CE0-4AE4-98E1-4EDDE10128AD}.Release|x86.Build.0 = Release|Any CPU
	EndGlobalSection
	GlobalSection(SolutionProperties) = preSolution
		HideSolutionNode = FALSE
	EndGlobalSection
EndGlobal
